// !$*UTF8*$!
{
	archiveVersion = 1;
	classes = {
	};
	objectVersion = 77;
	objects = {

/* Begin PBXBuildFile section */
		98929A092F678D73002B1F1C /* Assets.xcassets in Resources */ = {isa = PBXBuildFile; fileRef = 98929A062F678D73002B1F1C /* Assets.xcassets */; };
		98929A162F678D73002B1F1C /* ContentView.swift in Sources */ = {isa = PBXBuildFile; fileRef = 98929A072F678D73002B1F1C /* ContentView.swift */; };
		98929A172F678D73002B1F1C /* MusicTaggerApp.swift in Sources */ = {isa = PBXBuildFile; fileRef = 98929A082F678D73002B1F1C /* MusicTaggerApp.swift */; };
/* End PBXBuildFile section */

/* Begin PBXContainerItemProxy section */
		984F74012F64FC15002DEB42 /* PBXContainerItemProxy */ = {
			isa = PBXContainerItemProxy;
			containerPortal = 986D70B52F47EA7E00FCA14F /* Project object */;
			proxyType = 1;
			remoteGlobalIDString = 986D70BC2F47EA7E00FCA14F;
			remoteInfo = MT_UI;
		};
/* End PBXContainerItemProxy section */

/* Begin PBXFileReference section */
		984F73FD2F64FC15002DEB42 /* MusicTaggerTests.xctest */ = {isa = PBXFileReference; explicitFileType = wrapper.cfbundle; includeInIndex = 0; name = MusicTaggerTests.xctest; path = "REDACTED_USER_PATH/Documents/1 Projects/MusicTagger/MT_UI/build/Debug/MusicTagger.app/Contents/PlugIns/MusicTaggerTests.xctest"; sourceTree = "<absolute>"; };
		986D70BD2F47EA7E00FCA14F /* MusicTagger.app */ = {isa = PBXFileReference; explicitFileType = wrapper.application; includeInIndex = 0; name = MusicTagger.app; path = "REDACTED_USER_PATH/Documents/1 Projects/MusicTagger/MT_UI/build/Debug/MusicTagger.app"; sourceTree = "<absolute>"; };
		98929A062F678D73002B1F1C /* Assets.xcassets */ = {isa = PBXFileReference; lastKnownFileType = folder.assetcatalog; path = Assets.xcassets; sourceTree = "<group>"; };
		98929A072F678D73002B1F1C /* ContentView.swift */ = {isa = PBXFileReference; lastKnownFileType = sourcecode.swift; path = ContentView.swift; sourceTree = "<group>"; };
		98929A082F678D73002B1F1C /* MusicTaggerApp.swift */ = {isa = PBXFileReference; lastKnownFileType = sourcecode.swift; path = MusicTaggerApp.swift; sourceTree = "<group>"; };
/* End PBXFileReference section */

/* Begin PBXFileSystemSynchronizedBuildFileExceptionSet section */
		98929A312F678DA7002B1F1C /* Exceptions for "Models" folder in "MusicTagger" target */ = {
			isa = PBXFileSystemSynchronizedBuildFileExceptionSet;
			membershipExceptions = (
				MusicFile.swift,
				Track.swift,
			);
			target = 986D70BC2F47EA7E00FCA14F /* MusicTagger */;
		};
		98929A322F678DA7002B1F1C /* Exceptions for "Services" folder in "MusicTagger" target */ = {
			isa = PBXFileSystemSynchronizedBuildFileExceptionSet;
			membershipExceptions = (
				APIClient.swift,
				BackendLauncher.swift,
				MetadataUndoService.swift,
			);
			target = 986D70BC2F47EA7E00FCA14F /* MusicTagger */;
		};
/* End PBXFileSystemSynchronizedBuildFileExceptionSet section */

/* Begin PBXFileSystemSynchronizedRootGroup section */
		98929A1A2F678DA7002B1F1C /* Models */ = {
			isa = PBXFileSystemSynchronizedRootGroup;
			exceptions = (
				98929A312F678DA7002B1F1C /* Exceptions for "Models" folder in "MusicTagger" target */,
			);
			path = Models;
			sourceTree = "<group>";
		};
		98929A1E2F678DA7002B1F1C /* MusicTaggerTests */ = {
			isa = PBXFileSystemSynchronizedRootGroup;
			path = MusicTaggerTests;
			sourceTree = "<group>";
		};
		98929A222F678DA7002B1F1C /* Services */ = {
			isa = PBXFileSystemSynchronizedRootGroup;
			exceptions = (
				98929A322F678DA7002B1F1C /* Exceptions for "Services" folder in "MusicTagger" target */,
			);
			path = Services;
			sourceTree = "<group>";
		};
		98929A272F678DA7002B1F1C /* Views */ = {
			isa = PBXFileSystemSynchronizedRootGroup;
			path = Views;
			sourceTree = "<group>";
		};
/* End PBXFileSystemSynchronizedRootGroup section */

/* Begin PBXFrameworksBuildPhase section */
		984F73FA2F64FC15002DEB42 /* Frameworks */ = {
			isa = PBXFrameworksBuildPhase;
			buildActionMask = 2147483647;
			files = (
			);
			runOnlyForDeploymentPostprocessing = 0;
		};
		986D70BA2F47EA7E00FCA14F /* Frameworks */ = {
			isa = PBXFrameworksBuildPhase;
			buildActionMask = 2147483647;
			files = (
			);
			runOnlyForDeploymentPostprocessing = 0;
		};
/* End PBXFrameworksBuildPhase section */

/* Begin PBXGroup section */
		986D70B42F47EA7E00FCA14F = {
			isa = PBXGroup;
			children = (
				98929A1A2F678DA7002B1F1C /* Models */,
				98929A1E2F678DA7002B1F1C /* MusicTaggerTests */,
				98929A222F678DA7002B1F1C /* Services */,
				98929A272F678DA7002B1F1C /* Views */,
				98929A062F678D73002B1F1C /* Assets.xcassets */,
				98929A072F678D73002B1F1C /* ContentView.swift */,
				98929A082F678D73002B1F1C /* MusicTaggerApp.swift */,
			);
			sourceTree = "<group>";
		};
/* End PBXGroup section */

/* Begin PBXNativeTarget section */
		984F73FC2F64FC15002DEB42 /* MusicTaggerTests */ = {
			isa = PBXNativeTarget;
			buildConfigurationList = 984F74032F64FC15002DEB42 /* Build configuration list for PBXNativeTarget "MusicTaggerTests" */;
			buildPhases = (
				984F73F92F64FC15002DEB42 /* Sources */,
				984F73FA2F64FC15002DEB42 /* Frameworks */,
				984F73FB2F64FC15002DEB42 /* Resources */,
			);
			buildRules = (
			);
			dependencies = (
				984F74022F64FC15002DEB42 /* PBXTargetDependency */,
			);
			name = MusicTaggerTests;
			packageProductDependencies = (
			);
			productName = MT_UITests;
			productReference = 984F73FD2F64FC15002DEB42 /* MusicTaggerTests.xctest */;
			productType = "com.apple.product-type.bundle.unit-test";
		};
		986D70BC2F47EA7E00FCA14F /* MusicTagger */ = {
			isa = PBXNativeTarget;
			buildConfigurationList = 986D70C82F47EA7F00FCA14F /* Build configuration list for PBXNativeTarget "MusicTagger" */;
			buildPhases = (
				986D70B92F47EA7E00FCA14F /* Sources */,
				986D70BA2F47EA7E00FCA14F /* Frameworks */,
				986D70BB2F47EA7E00FCA14F /* Resources */,
			);
			buildRules = (
			);
			dependencies = (
			);
			fileSystemSynchronizedGroups = (
				98929A272F678DA7002B1F1C /* Views */,
			);
			name = MusicTagger;
			packageProductDependencies = (
			);
			productName = MT_UI;
			productReference = 986D70BD2F47EA7E00FCA14F /* MusicTagger.app */;
			productType = "com.apple.product-type.application";
		};
/* End PBXNativeTarget section */

/* Begin PBXProject section */
		986D70B52F47EA7E00FCA14F /* Project object */ = {
			isa = PBXProject;
			attributes = {
				BuildIndependentTargetsInParallel = 1;
				LastSwiftUpdateCheck = 2630;
				LastUpgradeCheck = 2630;
				TargetAttributes = {
					984F73FC2F64FC15002DEB42 = {
						CreatedOnToolsVersion = 26.3;
						TestTargetID = 986D70BC2F47EA7E00FCA14F;
					};
					986D70BC2F47EA7E00FCA14F = {
						CreatedOnToolsVersion = 26.2;
					};
				};
			};
			buildConfigurationList = 986D70B82F47EA7E00FCA14F /* Build configuration list for PBXProject "MusicTagger" */;
			developmentRegion = en;
			hasScannedForEncodings = 0;
			knownRegions = (
				en,
				Base,
			);
			mainGroup = 986D70B42F47EA7E00FCA14F;
			minimizedProjectReferenceProxies = 1;
			packageReferences = (
			);
			preferredProjectObjectVersion = 77;
			productRefGroup = 986D70B42F47EA7E00FCA14F;
			projectDirPath = "";
			projectRoot = "";
			targets = (
				986D70BC2F47EA7E00FCA14F /* MusicTagger */,
				984F73FC2F64FC15002DEB42 /* MusicTaggerTests */,
			);
		};
/* End PBXProject section */

/* Begin PBXResourcesBuildPhase section */
		984F73FB2F64FC15002DEB42 /* Resources */ = {
			isa = PBXResourcesBuildPhase;
			buildActionMask = 2147483647;
			files = (
			);
			runOnlyForDeploymentPostprocessing = 0;
		};
		986D70BB2F47EA7E00FCA14F /* Resources */ = {
			isa = PBXResourcesBuildPhase;
			buildActionMask = 2147483647;
			files = (
				98929A092F678D73002B1F1C /* Assets.xcassets in Resources */,
			);
			runOnlyForDeploymentPostprocessing = 0;
		};
/* End PBXResourcesBuildPhase section */

/* Begin PBXSourcesBuildPhase section */
		984F73F92F64FC15002DEB42 /* Sources */ = {
			isa = PBXSourcesBuildPhase;
			buildActionMask = 2147483647;
			files = (
			);
			runOnlyForDeploymentPostprocessing = 0;
		};
		986D70B92F47EA7E00FCA14F /* Sources */ = {
			isa = PBXSourcesBuildPhase;
			buildActionMask = 2147483647;
			files = (
				98929A162F678D73002B1F1C /* ContentView.swift in Sources */,
				98929A172F678D73002B1F1C /* MusicTaggerApp.swift in Sources */,
			);
			runOnlyForDeploymentPostprocessing = 0;
		};
/* End PBXSourcesBuildPhase section */

/* Begin PBXTargetDependency section */
		984F74022F64FC15002DEB42 /* PBXTargetDependency */ = {
			isa = PBXTargetDependency;
			target = 986D70BC2F47EA7E00FCA14F /* MusicTagger */;
			targetProxy = 984F74012F64FC15002DEB42 /* PBXContainerItemProxy */;
		};
/* End PBXTargetDependency section */

/* Begin XCBuildConfiguration section */
		984F74042F64FC15002DEB42 /* Debug */ = {
			isa = XCBuildConfiguration;
			buildSettings = {
				BUNDLE_LOADER = "$(TEST_HOST)";
				CODE_SIGN_STYLE = Automatic;
				CURRENT_PROJECT_VERSION = 1;
				GENERATE_INFOPLIST_FILE = YES;
				MARKETING_VERSION = 1.0;
				PRODUCT_BUNDLE_IDENTIFIER = "AHES.MT-UITests";
				PRODUCT_NAME = "$(TARGET_NAME)";
				STRING_CATALOG_GENERATE_SYMBOLS = NO;
				SWIFT_APPROACHABLE_CONCURRENCY = YES;
				SWIFT_EMIT_LOC_STRINGS = NO;
				SWIFT_UPCOMING_FEATURE_MEMBER_IMPORT_VISIBILITY = YES;
				SWIFT_VERSION = 5.0;
				TEST_HOST = "$(BUILT_PRODUCTS_DIR)/MusicTagger.app/$(BUNDLE_EXECUTABLE_FOLDER_PATH)/MusicTagger";
			};
			name = Debug;
		};
		984F74052F64FC15002DEB42 /* Release */ = {
			isa = XCBuildConfiguration;
			buildSettings = {
				BUNDLE_LOADER = "$(TEST_HOST)";
				CODE_SIGN_STYLE = Automatic;
				CURRENT_PROJECT_VERSION = 1;
				GENERATE_INFOPLIST_FILE = YES;
				MARKETING_VERSION = 1.0;
				PRODUCT_BUNDLE_IDENTIFIER = "AHES.MT-UITests";
				PRODUCT_NAME = "$(TARGET_NAME)";
				STRING_CATALOG_GENERATE_SYMBOLS = NO;
				SWIFT_APPROACHABLE_CONCURRENCY = YES;
				SWIFT_EMIT_LOC_STRINGS = NO;
				SWIFT_UPCOMING_FEATURE_MEMBER_IMPORT_VISIBILITY = YES;
				SWIFT_VERSION = 5.0;
				TEST_HOST = "$(BUILT_PRODUCTS_DIR)/MusicTagger.app/$(BUNDLE_EXECUTABLE_FOLDER_PATH)/MusicTagger";
			};
			name = Release;
		};
		986D70C62F47EA7F00FCA14F /* Debug */ = {
			isa = XCBuildConfiguration;
			buildSettings = {
				ALWAYS_SEARCH_USER_PATHS = NO;
				ASSETCATALOG_COMPILER_APPICON_NAME = AppIcon;
				ASSETCATALOG_COMPILER_GENERATE_SWIFT_ASSET_SYMBOL_EXTENSIONS = YES;
				ASSETCATALOG_COMPILER_INCLUDE_ALL_APPICON_ASSETS = YES;
				CLANG_ANALYZER_NONNULL = YES;
				CLANG_ANALYZER_NUMBER_OBJECT_CONVERSION = YES_AGGRESSIVE;
				CLANG_CXX_LANGUAGE_STANDARD = "gnu++20";
				CLANG_ENABLE_MODULES = YES;
				CLANG_ENABLE_OBJC_ARC = YES;
				CLANG_ENABLE_OBJC_WEAK = YES;
				CLANG_WARN_BLOCK_CAPTURE_AUTORELEASING = YES;
				CLANG_WARN_BOOL_CONVERSION = YES;
				CLANG_WARN_COMMA = YES;
				CLANG_WARN_CONSTANT_CONVERSION = YES;
				CLANG_WARN_DEPRECATED_OBJC_IMPLEMENTATIONS = YES;
				CLANG_WARN_DIRECT_OBJC_ISA_USAGE = YES_ERROR;
				CLANG_WARN_DOCUMENTATION_COMMENTS = YES;
				CLANG_WARN_EMPTY_BODY = YES;
				CLANG_WARN_ENUM_CONVERSION = YES;
				CLANG_WARN_INFINITE_RECURSION = YES;
				CLANG_WARN_INT_CONVERSION = YES;
				CLANG_WARN_NON_LITERAL_NULL_CONVERSION = YES;
				CLANG_WARN_OBJC_IMPLICIT_RETAIN_SELF = YES;
				CLANG_WARN_OBJC_LITERAL_CONVERSION = YES;
				CLANG_WARN_OBJC_ROOT_CLASS = YES_ERROR;
				CLANG_WARN_QUOTED_INCLUDE_IN_FRAMEWORK_HEADER = YES;
				CLANG_WARN_RANGE_LOOP_ANALYSIS = YES;
				CLANG_WARN_STRICT_PROTOTYPES = YES;
				CLANG_WARN_SUSPICIOUS_MOVE = YES;
				CLANG_WARN_UNGUARDED_AVAILABILITY = YES_AGGRESSIVE;
				CLANG_WARN_UNREACHABLE_CODE = YES;
				CLANG_WARN__DUPLICATE_METHOD_MATCH = YES;
				COPY_PHASE_STRIP = NO;
				DEAD_CODE_STRIPPING = YES;
				DEBUG_INFORMATION_FORMAT = dwarf;
				ENABLE_STRICT_OBJC_MSGSEND = YES;
				ENABLE_TESTABILITY = YES;
				ENABLE_USER_SCRIPT_SANDBOXING = YES;
				GCC_C_LANGUAGE_STANDARD = gnu17;
				GCC_DYNAMIC_NO_PIC = NO;
				GCC_NO_COMMON_BLOCKS = YES;
				GCC_OPTIMIZATION_LEVEL = 0;
				GCC_PREPROCESSOR_DEFINITIONS = (
					"DEBUG=1",
					"$(inherited)",
				);
				GCC_WARN_64_TO_32_BIT_CONVERSION = YES;
				GCC_WARN_ABOUT_RETURN_TYPE = YES_ERROR;
				GCC_WARN_UNDECLARED_SELECTOR = YES;
				GCC_WARN_UNINITIALIZED_AUTOS = YES_AGGRESSIVE;
				GCC_WARN_UNUSED_FUNCTION = YES;
				GCC_WARN_UNUSED_VARIABLE = YES;
				LOCALIZATION_PREFERS_STRING_CATALOGS = YES;
				MACOSX_DEPLOYMENT_TARGET = 26.2;
				MTL_ENABLE_DEBUG_INFO = INCLUDE_SOURCE;
				MTL_FAST_MATH = YES;
				ONLY_ACTIVE_ARCH = YES;
				PRODUCT_NAME = MusicTagger;
				SDKROOT = macosx;
				STRING_CATALOG_GENERATE_SYMBOLS = YES;
				SWIFT_ACTIVE_COMPILATION_CONDITIONS = "DEBUG $(inherited)";
				SWIFT_OPTIMIZATION_LEVEL = "-Onone";
			};
			name = Debug;
		};
		986D70C72F47EA7F00FCA14F /* Release */ = {
			isa = XCBuildConfiguration;
			buildSettings = {
				ALWAYS_SEARCH_USER_PATHS = NO;
				ASSETCATALOG_COMPILER_APPICON_NAME = AppIcon;
				ASSETCATALOG_COMPILER_GENERATE_SWIFT_ASSET_SYMBOL_EXTENSIONS = YES;
				ASSETCATALOG_COMPILER_INCLUDE_ALL_APPICON_ASSETS = YES;
				CLANG_ANALYZER_NONNULL = YES;
				CLANG_ANALYZER_NUMBER_OBJECT_CONVERSION = YES_AGGRESSIVE;
				CLANG_CXX_LANGUAGE_STANDARD = "gnu++20";
				CLANG_ENABLE_MODULES = YES;
				CLANG_ENABLE_OBJC_ARC = YES;
				CLANG_ENABLE_OBJC_WEAK = YES;
				CLANG_WARN_BLOCK_CAPTURE_AUTORELEASING = YES;
				CLANG_WARN_BOOL_CONVERSION = YES;
				CLANG_WARN_COMMA = YES;
				CLANG_WARN_CONSTANT_CONVERSION = YES;
				CLANG_WARN_DEPRECATED_OBJC_IMPLEMENTATIONS = YES;
				CLANG_WARN_DIRECT_OBJC_ISA_USAGE = YES_ERROR;
				CLANG_WARN_DOCUMENTATION_COMMENTS = YES;
				CLANG_WARN_EMPTY_BODY = YES;
				CLANG_WARN_ENUM_CONVERSION = YES;
				CLANG_WARN_INFINITE_RECURSION = YES;
				CLANG_WARN_INT_CONVERSION = YES;
				CLANG_WARN_NON_LITERAL_NULL_CONVERSION = YES;
				CLANG_WARN_OBJC_IMPLICIT_RETAIN_SELF = YES;
				CLANG_WARN_OBJC_LITERAL_CONVERSION = YES;
				CLANG_WARN_OBJC_ROOT_CLASS = YES_ERROR;
				CLANG_WARN_QUOTED_INCLUDE_IN_FRAMEWORK_HEADER = YES;
				CLANG_WARN_RANGE_LOOP_ANALYSIS = YES;
				CLANG_WARN_STRICT_PROTOTYPES = YES;
				CLANG_WARN_SUSPICIOUS_MOVE = YES;
				CLANG_WARN_UNGUARDED_AVAILABILITY = YES_AGGRESSIVE;
				CLANG_WARN_UNREACHABLE_CODE = YES;
				CLANG_WARN__DUPLICATE_METHOD_MATCH = YES;
				COPY_PHASE_STRIP = NO;
				DEAD_CODE_STRIPPING = YES;
				DEBUG_INFORMATION_FORMAT = "dwarf-with-dsym";
				ENABLE_NS_ASSERTIONS = NO;
				ENABLE_STRICT_OBJC_MSGSEND = YES;
				ENABLE_USER_SCRIPT_SANDBOXING = YES;
				GCC_C_LANGUAGE_STANDARD = gnu17;
				GCC_NO_COMMON_BLOCKS = YES;
				GCC_WARN_64_TO_32_BIT_CONVERSION = YES;
				GCC_WARN_ABOUT_RETURN_TYPE = YES_ERROR;
				GCC_WARN_UNDECLARED_SELECTOR = YES;
				GCC_WARN_UNINITIALIZED_AUTOS = YES_AGGRESSIVE;
				GCC_WARN_UNUSED_FUNCTION = YES;
				GCC_WARN_UNUSED_VARIABLE = YES;
				LOCALIZATION_PREFERS_STRING_CATALOGS = YES;
				MACOSX_DEPLOYMENT_TARGET = 26.2;
				MTL_ENABLE_DEBUG_INFO = NO;
				MTL_FAST_MATH = YES;
				PRODUCT_NAME = MusicTagger;
				SDKROOT = macosx;
				STRING_CATALOG_GENERATE_SYMBOLS = YES;
				SWIFT_COMPILATION_MODE = wholemodule;
			};
			name = Release;
		};
		986D70C92F47EA7F00FCA14F /* Debug */ = {
			isa = XCBuildConfiguration;
			buildSettings = {
				ASSETCATALOG_COMPILER_APPICON_NAME = AppIcon;
				ASSETCATALOG_COMPILER_GLOBAL_ACCENT_COLOR_NAME = AccentColor;
				CODE_SIGN_STYLE = Automatic;
				COMBINE_HIDPI_IMAGES = YES;
				CURRENT_PROJECT_VERSION = 1;
				DEAD_CODE_STRIPPING = YES;
				ENABLE_APP_SANDBOX = NO;
				ENABLE_PREVIEWS = YES;
				GENERATE_INFOPLIST_FILE = YES;
				INFOPLIST_FILE = "MT-UI-Info.plist";
				INFOPLIST_KEY_CFBundleDisplayName = MusicTagger;
				INFOPLIST_KEY_NSHumanReadableCopyright = "";
				LD_RUNPATH_SEARCH_PATHS = (
					"$(inherited)",
					"@executable_path/../Frameworks",
				);
				MARKETING_VERSION = 1.0;
				PRODUCT_BUNDLE_IDENTIFIER = "AHES.MT-UI";
				PRODUCT_NAME = MusicTagger;
				REGISTER_APP_GROUPS = YES;
				STRING_CATALOG_GENERATE_SYMBOLS = YES;
				SWIFT_APPROACHABLE_CONCURRENCY = YES;
				SWIFT_DEFAULT_ACTOR_ISOLATION = MainActor;
				SWIFT_EMIT_LOC_STRINGS = YES;
				SWIFT_UPCOMING_FEATURE_MEMBER_IMPORT_VISIBILITY = YES;
				SWIFT_VERSION = 5.0;
			};
			name = Debug;
		};
		986D70CA2F47EA7F00FCA14F /* Release */ = {
			isa = XCBuildConfiguration;
			buildSettings = {
				ASSETCATALOG_COMPILER_APPICON_NAME = AppIcon;
				ASSETCATALOG_COMPILER_GLOBAL_ACCENT_COLOR_NAME = AccentColor;
				CODE_SIGN_STYLE = Automatic;
				COMBINE_HIDPI_IMAGES = YES;
				CURRENT_PROJECT_VERSION = 1;
				DEAD_CODE_STRIPPING = YES;
				ENABLE_APP_SANDBOX = NO;
				ENABLE_PREVIEWS = YES;
				GENERATE_INFOPLIST_FILE = YES;
				INFOPLIST_FILE = "MT-UI-Info.plist";
				INFOPLIST_KEY_CFBundleDisplayName = MusicTagger;
				INFOPLIST_KEY_NSHumanReadableCopyright = "";
				LD_RUNPATH_SEARCH_PATHS = (
					"$(inherited)",
					"@executable_path/../Frameworks",
				);
				MARKETING_VERSION = 1.0;
				PRODUCT_BUNDLE_IDENTIFIER = "AHES.MT-UI";
				PRODUCT_NAME = MusicTagger;
				REGISTER_APP_GROUPS = YES;
				STRING_CATALOG_GENERATE_SYMBOLS = YES;
				SWIFT_APPROACHABLE_CONCURRENCY = YES;
				SWIFT_DEFAULT_ACTOR_ISOLATION = MainActor;
				SWIFT_EMIT_LOC_STRINGS = YES;
				SWIFT_UPCOMING_FEATURE_MEMBER_IMPORT_VISIBILITY = YES;
				SWIFT_VERSION = 5.0;
			};
			name = Release;
		};
/* End XCBuildConfiguration section */

/* Begin XCConfigurationList section */
		984F74032F64FC15002DEB42 /* Build configuration list for PBXNativeTarget "MusicTaggerTests" */ = {
			isa = XCConfigurationList;
			buildConfigurations = (
				984F74042F64FC15002DEB42 /* Debug */,
				984F74052F64FC15002DEB42 /* Release */,
			);
			defaultConfigurationIsVisible = 0;
			defaultConfigurationName = Release;
		};
		986D70B82F47EA7E00FCA14F /* Build configuration list for PBXProject "MusicTagger" */ = {
			isa = XCConfigurationList;
			buildConfigurations = (
				986D70C62F47EA7F00FCA14F /* Debug */,
				986D70C72F47EA7F00FCA14F /* Release */,
			);
			defaultConfigurationIsVisible = 0;
			defaultConfigurationName = Release;
		};
		986D70C82F47EA7F00FCA14F /* Build configuration list for PBXNativeTarget "MusicTagger" */ = {
			isa = XCConfigurationList;
			buildConfigurations = (
				986D70C92F47EA7F00FCA14F /* Debug */,
				986D70CA2F47EA7F00FCA14F /* Release */,
			);
			defaultConfigurationIsVisible = 0;
			defaultConfigurationName = Release;
		};
/* End XCConfigurationList section */
	};
	rootObject = 986D70B52F47EA7E00FCA14F /* Project object */;
}
